<?xml version="1.0" encoding="utf-8"?>
<Project ToolsVersion="4.0" xmlns="http://schemas.microsoft.com/developer/msbuild/2003">
  <ItemGroup>
    <Filter Include="Source Files">
      <UniqueIdentifier>{4FC737F1-C7A5-4376-A066-2A32D752A2FF}</UniqueIdentifier>
      <Extensions>cpp;c;cc;cxx;def;odl;idl;hpj;bat;asm;asmx</Extensions>
    </Filter>
    <Filter Include="Header Files">
      <UniqueIdentifier>{93995380-89BD-4b04-88EB-625FBE52EBFB}</UniqueIdentifier>
      <Extensions>h;hpp;hxx;hm;inl;inc;xsd</Extensions>
    </Filter>
    <Filter Include="Resource Files">
      <UniqueIdentifier>{67DA6AB6-F800-4c08-8B7A-83BB121AAD01}</UniqueIdentifier>
      <Extensions>rc;ico;cur;bmp;dlg;rc2;rct;bin;rgs;gif;jpg;jpeg;jpe;resx;tiff;tif;png;wav;mfcribbon-ms</Extensions>
    </Filter>
    <Filter Include="soil">
      <UniqueIdentifier>{f2c08595-c064-4bf2-9ef0-d9a9639b0a91}</UniqueIdentifier>
    </Filter>
    <Filter Include="Source Files\Backend">
      <UniqueIdentifier>{f06d75ac-94ec-40dd-a92a-02e5c1a284de}</UniqueIdentifier>
    </Filter>
    <Filter Include="Source Files\Backend\Graphics">
      <UniqueIdentifier>{dc59a189-d994-4429-a06a-6593e3ad016c}</UniqueIdentifier>
    </Filter>
    <Filter Include="Source Files\ModeDotcur">
      <UniqueIdentifier>{43e56d78-0e28-4e15-9668-51134ec840a5}</UniqueIdentifier>
    </Filter>
    <Filter Include="Source Files\ModeDotcur\Gameplay">
      <UniqueIdentifier>{0c164b7f-77ed-4f1e-ba48-ff7f6c9674c5}</UniqueIdentifier>
    </Filter>
    <Filter Include="Source Files\GameGlobal">
      <UniqueIdentifier>{0e05638f-911f-4c35-82d2-1d212262c6d2}</UniqueIdentifier>
    </Filter>
    <Filter Include="Source Files\Backend\GUI">
      <UniqueIdentifier>{a7c0e635-42db-4882-8472-038699575e8c}</UniqueIdentifier>
    </Filter>
    <Filter Include="Source Files\ModeDotcur\Internal">
      <UniqueIdentifier>{55b94288-a7dd-46fe-aef6-b3352497170e}</UniqueIdentifier>
    </Filter>
    <Filter Include="Source Files\Mode7K">
      <UniqueIdentifier>{c3089987-1f92-45ff-a0d1-9044d1842a64}</UniqueIdentifier>
    </Filter>
    <Filter Include="Source Files\Mode7K\Gameplay">
      <UniqueIdentifier>{ac81bae6-5efb-458d-b3bd-eb4d1ca2976b}</UniqueIdentifier>
    </Filter>
    <Filter Include="Source Files\Mode7K\Internal">
      <UniqueIdentifier>{497e5e45-0fad-43da-9c02-48ccf3f7e14d}</UniqueIdentifier>
    </Filter>
    <Filter Include="Source Files\Backend\Audio">
      <UniqueIdentifier>{de8e7fda-1fc9-4cfa-a4be-c5a6041da267}</UniqueIdentifier>
    </Filter>
  </ItemGroup>
  <ItemGroup>
    <ClCompile Include="..\soil\image_DXT.c">
      <Filter>soil</Filter>
    </ClCompile>
    <ClCompile Include="..\soil\image_helper.c">
      <Filter>soil</Filter>
    </ClCompile>
    <ClCompile Include="..\soil\SOIL.c">
      <Filter>soil</Filter>
    </ClCompile>
    <ClCompile Include="..\soil\stb_image_aug.c">
      <Filter>soil</Filter>
    </ClCompile>
    <ClCompile Include="..\src\dotcur.cpp">
      <Filter>Source Files</Filter>
    </ClCompile>
    <ClCompile Include="..\src\ScreenGameplay.cpp">
      <Filter>Source Files\ModeDotcur\Gameplay</Filter>
    </ClCompile>
    <ClCompile Include="..\src\ActorBarline.cpp">
      <Filter>Source Files\ModeDotcur\Gameplay</Filter>
    </ClCompile>
    <ClCompile Include="..\src\ActorJudgement.cpp">
      <Filter>Source Files\ModeDotcur\Gameplay</Filter>
    </ClCompile>
    <ClCompile Include="..\src\ActorLifebar.cpp">
      <Filter>Source Files\ModeDotcur\Gameplay</Filter>
    </ClCompile>
    <ClCompile Include="..\src\FileManager.cpp">
      <Filter>Source Files\Backend</Filter>
    </ClCompile>
    <ClCompile Include="..\src\Image.cpp">
      <Filter>Source Files\Backend\Graphics</Filter>
    </ClCompile>
    <ClCompile Include="..\src\ImageLoader.cpp">
      <Filter>Source Files\Backend\Graphics</Filter>
    </ClCompile>
    <ClCompile Include="..\src\GraphObject2D.cpp">
      <Filter>Source Files\Backend\Graphics</Filter>
    </ClCompile>
    <ClCompile Include="..\src\BitmapFont.cpp">
      <Filter>Source Files\Backend\Graphics</Filter>
    </ClCompile>
    <ClCompile Include="..\src\Screen.cpp">
      <Filter>Source Files\Backend</Filter>
    </ClCompile>
    <ClCompile Include="..\src\Rendering.cpp">
      <Filter>Source Files\Backend</Filter>
    </ClCompile>
    <ClCompile Include="..\src\pa_ringbuffer.c">
      <Filter>Source Files\Backend</Filter>
    </ClCompile>
    <ClCompile Include="..\src\GameWindow.cpp">
      <Filter>Source Files\Backend</Filter>
    </ClCompile>
    <ClCompile Include="..\src\Directory.cpp">
      <Filter>Source Files\Backend</Filter>
    </ClCompile>
    <ClCompile Include="..\src\GuiButton.cpp">
      <Filter>Source Files\Backend\GUI</Filter>
    </ClCompile>
    <ClCompile Include="..\src\GuiTextPrompt.cpp">
      <Filter>Source Files\Backend\GUI</Filter>
    </ClCompile>
    <ClCompile Include="..\src\GameObject.cpp">
      <Filter>Source Files\ModeDotcur\Internal</Filter>
    </ClCompile>
    <ClCompile Include="..\src\ScreenLoading.cpp">
      <Filter>Source Files\GameGlobal</Filter>
    </ClCompile>
    <ClCompile Include="..\src\ScreenSelectMusic.cpp">
      <Filter>Source Files\GameGlobal</Filter>
    </ClCompile>
    <ClCompile Include="..\src\ScreenMainMenu.cpp">
      <Filter>Source Files\GameGlobal</Filter>
    </ClCompile>
    <ClCompile Include="..\src\Utility.cpp">
      <Filter>Source Files\Backend</Filter>
    </ClCompile>
    <ClCompile Include="..\src\NoteLoader.cpp">
      <Filter>Source Files\ModeDotcur\Internal</Filter>
    </ClCompile>
    <ClCompile Include="..\src\Application.cpp">
      <Filter>Source Files\Backend</Filter>
    </ClCompile>
    <ClCompile Include="..\src\ScreenEdit.cpp">
      <Filter>Source Files\ModeDotcur</Filter>
    </ClCompile>
    <ClCompile Include="..\src\Song.cpp">
      <Filter>Source Files\ModeDotcur\Internal</Filter>
    </ClCompile>
    <ClCompile Include="..\src\lua.c">
      <Filter>Source Files\Backend</Filter>
    </ClCompile>
    <ClCompile Include="..\src\Configuration.cpp">
      <Filter>Source Files\Backend</Filter>
    </ClCompile>
    <ClCompile Include="..\src\SongTiming.cpp">
      <Filter>Source Files\GameGlobal</Filter>
    </ClCompile>
    <ClCompile Include="..\src\ScreenGameplay7K.cpp">
      <Filter>Source Files\Mode7K\Gameplay</Filter>
    </ClCompile>
    <ClCompile Include="..\src\Song7K.cpp">
      <Filter>Source Files\Mode7K\Gameplay</Filter>
    </ClCompile>
    <ClCompile Include="..\src\TrackNote.cpp">
      <Filter>Source Files\Mode7K\Internal</Filter>
    </ClCompile>
    <ClCompile Include="..\src\NoteLoaderFTB.cpp">
      <Filter>Source Files\Mode7K\Internal</Filter>
    </ClCompile>
    <ClCompile Include="..\src\NoteLoaderSM.cpp">
      <Filter>Source Files\Mode7K\Internal</Filter>
    </ClCompile>
    <ClCompile Include="..\src\Renderer7K.cpp">
      <Filter>Source Files\Mode7K\Internal</Filter>
    </ClCompile>
    <ClCompile Include="..\src\LuaAnimationInterface.cpp">
      <Filter>Source Files\Backend</Filter>
    </ClCompile>
    <ClCompile Include="..\src\LuaManager.cpp">
      <Filter>Source Files\Backend</Filter>
    </ClCompile>
    <ClCompile Include="..\src\ScreenEvaluation.cpp">
      <Filter>Source Files\ModeDotcur</Filter>
    </ClCompile>
    <ClCompile Include="..\src\GraphObjectMan.cpp">
      <Filter>Source Files\Backend</Filter>
    </ClCompile>
    <ClCompile Include="..\src\Audio.cpp">
      <Filter>Source Files\Backend\Audio</Filter>
    </ClCompile>
    <ClCompile Include="..\src\Audiofile.cpp">
      <Filter>Source Files\Backend\Audio</Filter>
    </ClCompile>
    <ClCompile Include="..\src\AudioSourceMP3.cpp">
      <Filter>Source Files\Backend\Audio</Filter>
    </ClCompile>
    <ClCompile Include="..\src\NoteLoaderBMS.cpp">
      <Filter>Source Files\Mode7K\Internal</Filter>
    </ClCompile>
    <ClCompile Include="..\src\ScoreKeeper7K.cpp">
      <Filter>Source Files\Mode7K\Gameplay</Filter>
    </ClCompile>
    <ClCompile Include="..\src\ScreenGameplay7K_Mechanics.cpp">
      <Filter>Source Files\Mode7K\Gameplay</Filter>
    </ClCompile>
    <ClCompile Include="..\src\ScoreKeeper7K_init.cpp">
      <Filter>Source Files\Mode7K\Gameplay</Filter>
    </ClCompile>
    <ClCompile Include="..\src\NoteLoaderOM.cpp">
      <Filter>Source Files\Mode7K\Internal</Filter>
    </ClCompile>
    <ClCompile Include="..\src\ScreenEvaluation7K.cpp">
      <Filter>Source Files\Mode7K</Filter>
    </ClCompile>
    <ClCompile Include="..\src\AudioSourceSFM.cpp">
      <Filter>Source Files\Backend\Audio</Filter>
    </ClCompile>
  </ItemGroup>
  <ItemGroup>
    <ClInclude Include="..\src\GraphObject2D.h">
      <Filter>Header Files</Filter>
    </ClInclude>
    <ClInclude Include="..\src\Screen.h">
      <Filter>Header Files</Filter>
    </ClInclude>
    <ClInclude Include="..\src\Global.h">
      <Filter>Header Files</Filter>
    </ClInclude>
    <ClInclude Include="..\soil\image_DXT.h">
      <Filter>soil</Filter>
    </ClInclude>
    <ClInclude Include="..\soil\image_helper.h">
      <Filter>soil</Filter>
    </ClInclude>
    <ClInclude Include="..\soil\SOIL.h">
      <Filter>soil</Filter>
    </ClInclude>
    <ClInclude Include="..\soil\stb_image_aug.h">
      <Filter>soil</Filter>
    </ClInclude>
    <ClInclude Include="..\soil\stbi_DDS_aug.h">
      <Filter>soil</Filter>
    </ClInclude>
    <ClInclude Include="..\soil\stbi_DDS_aug_c.h">
      <Filter>soil</Filter>
    </ClInclude>
    <ClInclude Include="..\src\Application.h">
      <Filter>Header Files</Filter>
    </ClInclude>
    <ClInclude Include="..\src\GameObject.h">
      <Filter>Header Files</Filter>
    </ClInclude>
    <ClInclude Include="..\src\Game_Consts.h">
      <Filter>Header Files</Filter>
    </ClInclude>
    <ClInclude Include="..\src\Song.h">
      <Filter>Header Files</Filter>
    </ClInclude>
    <ClInclude Include="..\src\NoteLoader.h">
      <Filter>Header Files</Filter>
    </ClInclude>
    <ClInclude Include="..\src\Audio.h">
      <Filter>Header Files</Filter>
    </ClInclude>
    <ClInclude Include="..\src\ActorBarline.h">
      <Filter>Header Files</Filter>
    </ClInclude>
    <ClInclude Include="..\src\ActorLifebar.h">
      <Filter>Header Files</Filter>
    </ClInclude>
    <ClInclude Include="..\src\ActorJudgement.h">
      <Filter>Header Files</Filter>
    </ClInclude>
    <ClInclude Include="..\src\ScreenEvaluation.h">
      <Filter>Header Files</Filter>
    </ClInclude>
    <ClInclude Include="..\src\ScreenSelectMusic.h">
      <Filter>Header Files</Filter>
    </ClInclude>
    <ClInclude Include="..\src\FileManager.h">
      <Filter>Header Files</Filter>
    </ClInclude>
    <ClInclude Include="..\src\ScreenEdit.h">
      <Filter>Header Files</Filter>
    </ClInclude>
    <ClInclude Include="..\src\BitmapFont.h">
      <Filter>Header Files</Filter>
    </ClInclude>
    <ClInclude Include="..\src\ScreenGameplay.h">
      <Filter>Header Files</Filter>
    </ClInclude>
    <ClInclude Include="..\src\GuiButton.h">
      <Filter>Header Files</Filter>
    </ClInclude>
    <ClInclude Include="..\src\GameWindow.h">
      <Filter>Header Files</Filter>
    </ClInclude>
    <ClInclude Include="..\src\ScreenMainMenu.h">
      <Filter>Header Files</Filter>
    </ClInclude>
    <ClInclude Include="..\src\BindingsManager.h">
      <Filter>Header Files</Filter>
    </ClInclude>
    <ClInclude Include="..\src\Directory.h">
      <Filter>Header Files</Filter>
    </ClInclude>
    <ClInclude Include="..\src\Image.h">
      <Filter>Header Files</Filter>
    </ClInclude>
    <ClInclude Include="..\src\ImageLoader.h">
      <Filter>Header Files</Filter>
    </ClInclude>
    <ClInclude Include="..\src\GuiTextPrompt.h">
      <Filter>Header Files</Filter>
    </ClInclude>
    <ClInclude Include="..\src\VBO.h">
      <Filter>Header Files</Filter>
    </ClInclude>
    <ClInclude Include="..\src\ScreenLoading.h">
      <Filter>Header Files</Filter>
    </ClInclude>
    <ClInclude Include="..\src\TrackNote.h">
      <Filter>Header Files</Filter>
    </ClInclude>
    <ClInclude Include="..\src\SongTiming.h">
      <Filter>Header Files</Filter>
    </ClInclude>
    <ClInclude Include="..\src\ScreenGameplay7K.h">
      <Filter>Header Files</Filter>
    </ClInclude>
    <ClInclude Include="..\src\Configuration.h">
      <Filter>Header Files</Filter>
    </ClInclude>
    <ClInclude Include="..\src\NoteLoader7K.h">
      <Filter>Header Files</Filter>
    </ClInclude>
    <ClInclude Include="..\src\LuaManager.h">
      <Filter>Header Files</Filter>
    </ClInclude>
    <ClInclude Include="..\src\GraphObjectMan.h">
      <Filter>Header Files</Filter>
    </ClInclude>
    <ClInclude Include="..\src\Audiofile.h">
      <Filter>Header Files</Filter>
    </ClInclude>
    <ClInclude Include="..\src\AudioSourceMP3.h">
      <Filter>Header Files</Filter>
    </ClInclude>
    <ClInclude Include="..\src\ScreenEvaluation7K.h">
      <Filter>Header Files</Filter>
    </ClInclude>
    <ClInclude Include="..\src\ScoreKeeper.h">
      <Filter>Header Files</Filter>
    </ClInclude>
    <ClInclude Include="..\src\AudioSourceSFM.h">
      <Filter>Header Files</Filter>
    </ClInclude>
  </ItemGroup>
</Project>